version: 4
environments:
  default:
    channels:
    - url: https://conda.anaconda.org/conda-forge/
    packages:
      linux-64:
      - conda: https://conda.anaconda.org/conda-forge/linux-64/_libgcc_mutex-0.1-conda_forge.tar.bz2
      - conda: https://conda.anaconda.org/conda-forge/linux-64/_openmp_mutex-4.5-2_gnu.tar.bz2
      - conda: https://conda.anaconda.org/conda-forge/linux-64/brotli-python-1.1.0-py312h30efb56_1.conda
      - conda: https://conda.anaconda.org/conda-forge/linux-64/bzip2-1.0.8-hd590300_5.conda
      - conda: https://conda.anaconda.org/conda-forge/linux-64/c-ares-1.27.0-hd590300_0.conda
      - conda: https://conda.anaconda.org/conda-forge/linux-64/ca-certificates-2024.2.2-hbcca054_0.conda
      - conda: https://conda.anaconda.org/conda-forge/linux-64/cffi-1.16.0-py312hf06ca03_0.conda
      - conda: https://conda.anaconda.org/conda-forge/linux-64/conda-24.1.2-py312h7900ff3_0.conda
      - conda: https://conda.anaconda.org/conda-forge/linux-64/fmt-10.2.1-h00ab1b0_0.conda
      - conda: https://conda.anaconda.org/conda-forge/linux-64/hyperfine-1.18.0-he8a937b_0.conda
      - conda: https://conda.anaconda.org/conda-forge/linux-64/icu-73.2-h59595ed_0.conda
      - conda: https://conda.anaconda.org/conda-forge/linux-64/jsonpointer-2.4-py312h7900ff3_3.conda
      - conda: https://conda.anaconda.org/conda-forge/linux-64/keyutils-1.6.1-h166bdaf_0.tar.bz2
      - conda: https://conda.anaconda.org/conda-forge/linux-64/krb5-1.21.2-h659d440_0.conda
      - conda: https://conda.anaconda.org/conda-forge/linux-64/ld_impl_linux-64-2.40-h41732ed_0.conda
      - conda: https://conda.anaconda.org/conda-forge/linux-64/libarchive-3.7.2-h2aa1ff5_1.conda
      - conda: https://conda.anaconda.org/conda-forge/linux-64/libcurl-8.5.0-hca28451_0.conda
      - conda: https://conda.anaconda.org/conda-forge/linux-64/libedit-3.1.20191231-he28a2e2_2.tar.bz2
      - conda: https://conda.anaconda.org/conda-forge/linux-64/libev-4.33-hd590300_2.conda
      - conda: https://conda.anaconda.org/conda-forge/linux-64/libexpat-2.5.0-hcb278e6_1.conda
      - conda: https://conda.anaconda.org/conda-forge/linux-64/libffi-3.4.2-h7f98852_5.tar.bz2
      - conda: https://conda.anaconda.org/conda-forge/linux-64/libgcc-ng-13.2.0-h807b86a_5.conda
      - conda: https://conda.anaconda.org/conda-forge/linux-64/libgomp-13.2.0-h807b86a_5.conda
      - conda: https://conda.anaconda.org/conda-forge/linux-64/libiconv-1.17-hd590300_2.conda
      - conda: https://conda.anaconda.org/conda-forge/linux-64/libmamba-1.5.6-had39da4_0.conda
      - conda: https://conda.anaconda.org/conda-forge/linux-64/libmambapy-1.5.6-py312hd9e9ff6_0.conda
      - conda: https://conda.anaconda.org/conda-forge/linux-64/libnghttp2-1.58.0-h47da74e_1.conda
      - conda: https://conda.anaconda.org/conda-forge/linux-64/libnsl-2.0.1-hd590300_0.conda
      - conda: https://conda.anaconda.org/conda-forge/linux-64/libsolv-0.7.28-hfc55251_0.conda
      - conda: https://conda.anaconda.org/conda-forge/linux-64/libsqlite-3.45.1-h2797004_0.conda
      - conda: https://conda.anaconda.org/conda-forge/linux-64/libssh2-1.11.0-h0841786_0.conda
      - conda: https://conda.anaconda.org/conda-forge/linux-64/libstdcxx-ng-13.2.0-h7e041cc_5.conda
      - conda: https://conda.anaconda.org/conda-forge/linux-64/libuuid-2.38.1-h0b41bf4_0.conda
      - conda: https://conda.anaconda.org/conda-forge/linux-64/libxcrypt-4.4.36-hd590300_1.conda
      - conda: https://conda.anaconda.org/conda-forge/linux-64/libxml2-2.12.5-h232c23b_0.conda
      - conda: https://conda.anaconda.org/conda-forge/linux-64/libzlib-1.2.13-hd590300_5.conda
      - conda: https://conda.anaconda.org/conda-forge/linux-64/lz4-c-1.9.4-hcb278e6_0.conda
      - conda: https://conda.anaconda.org/conda-forge/linux-64/lzo-2.10-h516909a_1000.tar.bz2
      - conda: https://conda.anaconda.org/conda-forge/linux-64/menuinst-2.0.2-py312h7900ff3_0.conda
      - conda: https://conda.anaconda.org/conda-forge/linux-64/micromamba-1.5.6-0.tar.bz2
      - conda: https://conda.anaconda.org/conda-forge/linux-64/ncurses-6.4-h59595ed_2.conda
      - conda: https://conda.anaconda.org/conda-forge/linux-64/openssl-3.2.1-hd590300_0.conda
      - conda: https://conda.anaconda.org/conda-forge/linux-64/pixi-0.15.1-h614bb76_0.conda
      - conda: https://conda.anaconda.org/conda-forge/linux-64/pycosat-0.6.6-py312h98912ed_0.conda
      - conda: https://conda.anaconda.org/conda-forge/linux-64/python-3.12.2-hab00c5b_0_cpython.conda
      - conda: https://conda.anaconda.org/conda-forge/linux-64/python_abi-3.12-4_cp312.conda
      - conda: https://conda.anaconda.org/conda-forge/linux-64/readline-8.2-h8228510_1.conda
      - conda: https://conda.anaconda.org/conda-forge/linux-64/reproc-14.2.4.post0-hd590300_1.conda
      - conda: https://conda.anaconda.org/conda-forge/linux-64/reproc-cpp-14.2.4.post0-h59595ed_1.conda
      - conda: https://conda.anaconda.org/conda-forge/linux-64/ruamel.yaml-0.18.6-py312h98912ed_0.conda
      - conda: https://conda.anaconda.org/conda-forge/linux-64/ruamel.yaml.clib-0.2.8-py312h98912ed_0.conda
      - conda: https://conda.anaconda.org/conda-forge/linux-64/tk-8.6.13-noxft_h4845f30_101.conda
      - conda: https://conda.anaconda.org/conda-forge/linux-64/xz-5.2.6-h166bdaf_0.tar.bz2
      - conda: https://conda.anaconda.org/conda-forge/linux-64/yaml-cpp-0.8.0-h59595ed_0.conda
      - conda: https://conda.anaconda.org/conda-forge/linux-64/zstandard-0.22.0-py312hd58854c_0.conda
      - conda: https://conda.anaconda.org/conda-forge/linux-64/zstd-1.5.5-hfc55251_0.conda
      - conda: https://conda.anaconda.org/conda-forge/noarch/archspec-0.2.3-pyhd8ed1ab_0.conda
      - conda: https://conda.anaconda.org/conda-forge/noarch/boltons-23.1.1-pyhd8ed1ab_0.conda
      - conda: https://conda.anaconda.org/conda-forge/noarch/certifi-2024.2.2-pyhd8ed1ab_0.conda
      - conda: https://conda.anaconda.org/conda-forge/noarch/charset-normalizer-3.3.2-pyhd8ed1ab_0.conda
      - conda: https://conda.anaconda.org/conda-forge/noarch/colorama-0.4.6-pyhd8ed1ab_0.tar.bz2
      - conda: https://conda.anaconda.org/conda-forge/noarch/conda-libmamba-solver-24.1.0-pyhd8ed1ab_0.conda
      - conda: https://conda.anaconda.org/conda-forge/noarch/conda-package-handling-2.2.0-pyh38be061_0.conda
      - conda: https://conda.anaconda.org/conda-forge/noarch/conda-package-streaming-0.9.0-pyhd8ed1ab_0.conda
      - conda: https://conda.anaconda.org/conda-forge/noarch/distro-1.9.0-pyhd8ed1ab_0.conda
      - conda: https://conda.anaconda.org/conda-forge/noarch/idna-3.6-pyhd8ed1ab_0.conda
      - conda: https://conda.anaconda.org/conda-forge/noarch/jsonpatch-1.33-pyhd8ed1ab_0.conda
      - conda: https://conda.anaconda.org/conda-forge/noarch/packaging-23.2-pyhd8ed1ab_0.conda
      - conda: https://conda.anaconda.org/conda-forge/noarch/platformdirs-4.2.0-pyhd8ed1ab_0.conda
      - conda: https://conda.anaconda.org/conda-forge/noarch/pluggy-1.4.0-pyhd8ed1ab_0.conda
      - conda: https://conda.anaconda.org/conda-forge/noarch/pybind11-abi-4-hd8ed1ab_3.tar.bz2
      - conda: https://conda.anaconda.org/conda-forge/noarch/pycparser-2.21-pyhd8ed1ab_0.tar.bz2
      - conda: https://conda.anaconda.org/conda-forge/noarch/pysocks-1.7.1-pyha2e5f31_6.tar.bz2
      - conda: https://conda.anaconda.org/conda-forge/noarch/requests-2.31.0-pyhd8ed1ab_0.conda
      - conda: https://conda.anaconda.org/conda-forge/noarch/setuptools-69.1.1-pyhd8ed1ab_0.conda
      - conda: https://conda.anaconda.org/conda-forge/noarch/tqdm-4.66.2-pyhd8ed1ab_0.conda
      - conda: https://conda.anaconda.org/conda-forge/noarch/truststore-0.8.0-pyhd8ed1ab_0.conda
      - conda: https://conda.anaconda.org/conda-forge/noarch/tzdata-2024a-h0c530f3_0.conda
      - conda: https://conda.anaconda.org/conda-forge/noarch/urllib3-2.2.1-pyhd8ed1ab_0.conda
packages:
- kind: conda
  name: _libgcc_mutex
  version: '0.1'
  build: conda_forge
  subdir: linux-64
  url: https://conda.anaconda.org/conda-forge/linux-64/_libgcc_mutex-0.1-conda_forge.tar.bz2
  sha256: fe51de6107f9edc7aa4f786a70f4a883943bc9d39b3bb7307c04c41410990726
  md5: d7c89558ba9fa0495403155b64376d81
  license: None
  size: 2562
  timestamp: 1578324546067
- kind: conda
  name: _openmp_mutex
  version: '4.5'
  build: 2_gnu
  build_number: 16
  subdir: linux-64
  url: https://conda.anaconda.org/conda-forge/linux-64/_openmp_mutex-4.5-2_gnu.tar.bz2
  sha256: fbe2c5e56a653bebb982eda4876a9178aedfc2b545f25d0ce9c4c0b508253d22
  md5: 73aaf86a425cc6e73fcf236a5a46396d
  depends:
  - _libgcc_mutex 0.1 conda_forge
  - libgomp >=7.5.0
  constrains:
  - openmp_impl 9999
  license: BSD-3-Clause
  license_family: BSD
  size: 23621
  timestamp: 1650670423406
- kind: conda
  name: archspec
  version: 0.2.3
  build: pyhd8ed1ab_0
  subdir: noarch
  noarch: python
  url: https://conda.anaconda.org/conda-forge/noarch/archspec-0.2.3-pyhd8ed1ab_0.conda
  sha256: cef4062ea91f07a961a808801d6b34a163632150037f4bd28232310ff0301cd7
  md5: 192278292e20704f663b9c766909d67b
  depends:
  - python >=3.6
  license: MIT OR Apache-2.0
  size: 48780
  timestamp: 1708969700251
- kind: conda
  name: boltons
  version: 23.1.1
  build: pyhd8ed1ab_0
  subdir: noarch
  noarch: python
  url: https://conda.anaconda.org/conda-forge/noarch/boltons-23.1.1-pyhd8ed1ab_0.conda
  sha256: 0ff5173f6b20a5c95401aa52d10dbdc05c322fc568dc7417c6f76cf68e706d16
  md5: 56febe65315cc388a5d20adf2b39a74d
  depends:
  - python ==2.7.*|>=3.7
  license: BSD-3-Clause
  license_family: BSD
  size: 304176
  timestamp: 1703154832035
- kind: conda
  name: brotli-python
  version: 1.1.0
  build: py312h30efb56_1
  build_number: 1
  subdir: linux-64
  url: https://conda.anaconda.org/conda-forge/linux-64/brotli-python-1.1.0-py312h30efb56_1.conda
  sha256: b68706698b6ac0d31196a8bcb061f0d1f35264bcd967ea45e03e108149a74c6f
  md5: 45801a89533d3336a365284d93298e36
  depends:
  - libgcc-ng >=12
  - libstdcxx-ng >=12
  - python >=3.12.0rc3,<3.13.0a0
  - python_abi 3.12.* *_cp312
  constrains:
  - libbrotlicommon 1.1.0 hd590300_1
  license: MIT
  license_family: MIT
  size: 350604
  timestamp: 1695990206327
- kind: conda
  name: bzip2
  version: 1.0.8
  build: hd590300_5
  build_number: 5
  subdir: linux-64
  url: https://conda.anaconda.org/conda-forge/linux-64/bzip2-1.0.8-hd590300_5.conda
  sha256: 242c0c324507ee172c0e0dd2045814e746bb303d1eb78870d182ceb0abc726a8
  md5: 69b8b6202a07720f448be700e300ccf4
  depends:
  - libgcc-ng >=12
  license: bzip2-1.0.6
  license_family: BSD
  size: 254228
  timestamp: 1699279927352
- kind: conda
  name: c-ares
  version: 1.27.0
  build: hd590300_0
  subdir: linux-64
  url: https://conda.anaconda.org/conda-forge/linux-64/c-ares-1.27.0-hd590300_0.conda
  sha256: 2a5866b19d28cb963fab291a62ff1c884291b9d6f59de14643e52f103e255749
  md5: f6afff0e9ee08d2f1b897881a4f38cdb
  depends:
  - libgcc-ng >=12
  license: MIT
  license_family: MIT
  size: 163578
  timestamp: 1708684786032
- kind: conda
  name: ca-certificates
  version: 2024.2.2
  build: hbcca054_0
  subdir: linux-64
  url: https://conda.anaconda.org/conda-forge/linux-64/ca-certificates-2024.2.2-hbcca054_0.conda
  sha256: 91d81bfecdbb142c15066df70cc952590ae8991670198f92c66b62019b251aeb
  md5: 2f4327a1cbe7f022401b236e915a5fef
  license: ISC
  size: 155432
  timestamp: 1706843687645
- kind: conda
  name: certifi
  version: 2024.2.2
  build: pyhd8ed1ab_0
  subdir: noarch
  noarch: python
  url: https://conda.anaconda.org/conda-forge/noarch/certifi-2024.2.2-pyhd8ed1ab_0.conda
  sha256: f1faca020f988696e6b6ee47c82524c7806380b37cfdd1def32f92c326caca54
  md5: 0876280e409658fc6f9e75d035960333
  depends:
  - python >=3.7
  license: ISC
  size: 160559
  timestamp: 1707022289175
- kind: conda
  name: cffi
  version: 1.16.0
  build: py312hf06ca03_0
  subdir: linux-64
  url: https://conda.anaconda.org/conda-forge/linux-64/cffi-1.16.0-py312hf06ca03_0.conda
  sha256: 5a36e2c254603c367d26378fa3a205bd92263e30acf195f488749562b4c44251
  md5: 56b0ca764ce23cc54f3f7e2a7b970f6d
  depends:
  - libffi >=3.4,<4.0a0
  - libgcc-ng >=12
  - pycparser
  - python >=3.12.0rc3,<3.13.0a0
  - python_abi 3.12.* *_cp312
  license: MIT
  license_family: MIT
  size: 294523
  timestamp: 1696001868949
- kind: conda
  name: charset-normalizer
  version: 3.3.2
  build: pyhd8ed1ab_0
  subdir: noarch
  noarch: python
  url: https://conda.anaconda.org/conda-forge/noarch/charset-normalizer-3.3.2-pyhd8ed1ab_0.conda
  sha256: 20cae47d31fdd58d99c4d2e65fbdcefa0b0de0c84e455ba9d6356a4bdbc4b5b9
  md5: 7f4a9e3fcff3f6356ae99244a014da6a
  depends:
  - python >=3.7
  license: MIT
  license_family: MIT
  size: 46597
  timestamp: 1698833765762
- kind: conda
  name: colorama
  version: 0.4.6
  build: pyhd8ed1ab_0
  subdir: noarch
  noarch: python
  url: https://conda.anaconda.org/conda-forge/noarch/colorama-0.4.6-pyhd8ed1ab_0.tar.bz2
  sha256: 2c1b2e9755ce3102bca8d69e8f26e4f087ece73f50418186aee7c74bef8e1698
  md5: 3faab06a954c2a04039983f2c4a50d99
  depends:
  - python >=3.7
  license: BSD-3-Clause
  license_family: BSD
  size: 25170
  timestamp: 1666700778190
- kind: conda
  name: conda
  version: 24.1.2
  build: py312h7900ff3_0
  subdir: linux-64
  url: https://conda.anaconda.org/conda-forge/linux-64/conda-24.1.2-py312h7900ff3_0.conda
  sha256: 0057105ef91847468acdedd782b70643da72e536883338c7cb3d42e2e338f37d
  md5: 04f6db90fab763d0c0f038d4fdd45d36
  depends:
  - archspec
  - boltons >=23.0.0
  - charset-normalizer
  - conda-libmamba-solver >=23.11.0
  - conda-package-handling >=2.2.0
  - distro >=1.5.0
  - jsonpatch >=1.32
  - menuinst >=2
  - packaging >=23.0
  - platformdirs >=3.10.0
  - pluggy >=1.0.0
  - pycosat >=0.6.3
  - python >=3.12,<3.13.0a0
  - python_abi 3.12.* *_cp312
  - requests >=2.28.0,<3
  - ruamel.yaml >=0.11.14,<0.19
  - setuptools >=60.0.0
  - tqdm >=4
  - truststore >=0.8.0
  - zstandard >=0.19.0
  constrains:
  - conda-env >=2.6
  - conda-build >=3.27
  - conda-content-trust >=0.1.1
  license: BSD-3-Clause
  license_family: BSD
  size: 1228803
  timestamp: 1708705831665
- kind: conda
  name: conda-libmamba-solver
  version: 24.1.0
  build: pyhd8ed1ab_0
  subdir: noarch
  noarch: python
  url: https://conda.anaconda.org/conda-forge/noarch/conda-libmamba-solver-24.1.0-pyhd8ed1ab_0.conda
  sha256: 0667d49300062da2b46b04c097a9ace55c7a133d035517ec093e54a54f8f6b55
  md5: 304dc78ad6e52e0fd663df1d484c1531
  depends:
  - boltons >=23.0.0
  - conda >=23.7.4
  - libmambapy >=1.5.6,<2.0a0
  - python >=3.8
  license: BSD-3-Clause
  license_family: BSD
  size: 41157
  timestamp: 1706566194042
- kind: conda
  name: conda-package-handling
  version: 2.2.0
  build: pyh38be061_0
  subdir: noarch
  noarch: python
  url: https://conda.anaconda.org/conda-forge/noarch/conda-package-handling-2.2.0-pyh38be061_0.conda
  sha256: 9a221808405d813d8c555efce6944379b907d36d79e77d526d573efa6b996d26
  md5: 8a3ae7f6318376aa08ea753367bb7dd6
  depends:
  - conda-package-streaming >=0.9.0
  - python >=3.7
  - zstandard >=0.15
  license: BSD-3-Clause
  license_family: BSD
  size: 255143
  timestamp: 1691048232276
- kind: conda
  name: conda-package-streaming
  version: 0.9.0
  build: pyhd8ed1ab_0
  subdir: noarch
  noarch: python
  url: https://conda.anaconda.org/conda-forge/noarch/conda-package-streaming-0.9.0-pyhd8ed1ab_0.conda
  sha256: 654a2488f77bf43555787d952dbffdc5d97956ff4aa9e0414a7131bb741dcf4c
  md5: 38253361efb303deead3eab39ae9269b
  depends:
  - python >=3.7
  - zstandard >=0.15
  license: BSD-3-Clause
  license_family: BSD
  size: 19183
  timestamp: 1691009348105
- kind: conda
  name: distro
  version: 1.9.0
  build: pyhd8ed1ab_0
  subdir: noarch
  noarch: python
  url: https://conda.anaconda.org/conda-forge/noarch/distro-1.9.0-pyhd8ed1ab_0.conda
  sha256: ae1c13d709c8001331b5b9345e4bcd77e9ae712d25f7958b2ebcbe0b068731b7
  md5: bbdb409974cd6cb30071b1d978302726
  depends:
  - python >=3.6
  license: Apache-2.0
  license_family: APACHE
  size: 42039
  timestamp: 1704321683916
- kind: conda
  name: fmt
  version: 10.2.1
  build: h00ab1b0_0
  subdir: linux-64
  url: https://conda.anaconda.org/conda-forge/linux-64/fmt-10.2.1-h00ab1b0_0.conda
  sha256: 7b9ba098a3661e023c3555e01554354ac4891af8f8998e85f0fcbfdac79fc0d4
  md5: 35ef8bc24bd34074ebae3c943d551728
  depends:
  - libgcc-ng >=12
  - libstdcxx-ng >=12
  license: MIT
  license_family: MIT
  size: 193853
  timestamp: 1704454679950
- kind: conda
  name: hyperfine
  version: 1.18.0
  build: he8a937b_0
  subdir: linux-64
  url: https://conda.anaconda.org/conda-forge/linux-64/hyperfine-1.18.0-he8a937b_0.conda
  sha256: 9df636f5b7e6ddfc04165fb63f8febfe01587a74e458962bb29d278722dfada6
  md5: 11a27d2d59c323da10e2e72199b7d353
  depends:
  - libgcc-ng >=12
  license: MIT
  license_family: MIT
  size: 534482
  timestamp: 1696500043656
- kind: conda
  name: icu
  version: '73.2'
  build: h59595ed_0
  subdir: linux-64
  url: https://conda.anaconda.org/conda-forge/linux-64/icu-73.2-h59595ed_0.conda
  sha256: e12fd90ef6601da2875ebc432452590bc82a893041473bc1c13ef29001a73ea8
  md5: cc47e1facc155f91abd89b11e48e72ff
  depends:
  - libgcc-ng >=12
  - libstdcxx-ng >=12
  license: MIT
  license_family: MIT
  size: 12089150
  timestamp: 1692900650789
- kind: conda
  name: idna
  version: '3.6'
  build: pyhd8ed1ab_0
  subdir: noarch
  noarch: python
  url: https://conda.anaconda.org/conda-forge/noarch/idna-3.6-pyhd8ed1ab_0.conda
  sha256: 6ee4c986d69ce61e60a20b2459b6f2027baeba153f0a64995fd3cb47c2cc7e07
  md5: 1a76f09108576397c41c0b0c5bd84134
  depends:
  - python >=3.6
  license: BSD-3-Clause
  license_family: BSD
  size: 50124
  timestamp: 1701027126206
- kind: conda
  name: jsonpatch
  version: '1.33'
  build: pyhd8ed1ab_0
  subdir: noarch
  noarch: python
  url: https://conda.anaconda.org/conda-forge/noarch/jsonpatch-1.33-pyhd8ed1ab_0.conda
  sha256: fbb17e33ace3225c6416d1604637c1058906b8223da968cc015128985336b2b4
  md5: bfdb7c5c6ad1077c82a69a8642c87aff
  depends:
  - jsonpointer >=1.9
  - python >=3.8
  license: BSD-3-Clause
  license_family: BSD
  size: 17366
  timestamp: 1695536420928
- kind: conda
  name: jsonpointer
  version: '2.4'
  build: py312h7900ff3_3
  build_number: 3
  subdir: linux-64
  url: https://conda.anaconda.org/conda-forge/linux-64/jsonpointer-2.4-py312h7900ff3_3.conda
  sha256: c211a79cff8aa001a6e14e923c37278231dca7f0970d8db155c4b9e48ac87a5a
  md5: 50f62bdb9b60b13c2f6ae69957342e4d
  depends:
  - python >=3.12.0rc3,<3.13.0a0
  - python_abi 3.12.* *_cp312
  license: BSD-3-Clause
  license_family: BSD
  size: 18033
  timestamp: 1695397448370
- kind: conda
  name: keyutils
  version: 1.6.1
  build: h166bdaf_0
  subdir: linux-64
  url: https://conda.anaconda.org/conda-forge/linux-64/keyutils-1.6.1-h166bdaf_0.tar.bz2
  sha256: 150c05a6e538610ca7c43beb3a40d65c90537497a4f6a5f4d15ec0451b6f5ebb
  md5: 30186d27e2c9fa62b45fb1476b7200e3
  depends:
  - libgcc-ng >=10.3.0
  license: LGPL-2.1-or-later
  size: 117831
  timestamp: 1646151697040
- kind: conda
  name: krb5
  version: 1.21.2
  build: h659d440_0
  subdir: linux-64
  url: https://conda.anaconda.org/conda-forge/linux-64/krb5-1.21.2-h659d440_0.conda
  sha256: 259bfaae731989b252b7d2228c1330ef91b641c9d68ff87dae02cbae682cb3e4
  md5: cd95826dbd331ed1be26bdf401432844
  depends:
  - keyutils >=1.6.1,<2.0a0
  - libedit >=3.1.20191231,<3.2.0a0
  - libedit >=3.1.20191231,<4.0a0
  - libgcc-ng >=12
  - libstdcxx-ng >=12
  - openssl >=3.1.2,<4.0a0
  license: MIT
  license_family: MIT
  size: 1371181
  timestamp: 1692097755782
- kind: conda
  name: ld_impl_linux-64
  version: '2.40'
  build: h41732ed_0
  subdir: linux-64
  url: https://conda.anaconda.org/conda-forge/linux-64/ld_impl_linux-64-2.40-h41732ed_0.conda
  sha256: f6cc89d887555912d6c61b295d398cff9ec982a3417d38025c45d5dd9b9e79cd
  md5: 7aca3059a1729aa76c597603f10b0dd3
  constrains:
  - binutils_impl_linux-64 2.40
  license: GPL-3.0-only
  license_family: GPL
  size: 704696
  timestamp: 1674833944779
- kind: conda
  name: libarchive
  version: 3.7.2
  build: h2aa1ff5_1
  build_number: 1
  subdir: linux-64
  url: https://conda.anaconda.org/conda-forge/linux-64/libarchive-3.7.2-h2aa1ff5_1.conda
  sha256: 340ed0bb02fe26a2b2e29cedf6559e2999b820f434e745c108e788d629ae4b17
  md5: 3bf887827d1968275978361a6e405e4f
  depends:
  - bzip2 >=1.0.8,<2.0a0
  - libgcc-ng >=12
  - libxml2 >=2.12.2,<3.0.0a0
  - libzlib >=1.2.13,<1.3.0a0
  - lz4-c >=1.9.3,<1.10.0a0
  - lzo >=2.10,<3.0a0
  - openssl >=3.2.0,<4.0a0
  - xz >=5.2.6,<6.0a0
  - zstd >=1.5.5,<1.6.0a0
  license: BSD-2-Clause
  license_family: BSD
  size: 866168
  timestamp: 1701994227275
- kind: conda
  name: libcurl
  version: 8.5.0
  build: hca28451_0
  subdir: linux-64
  url: https://conda.anaconda.org/conda-forge/linux-64/libcurl-8.5.0-hca28451_0.conda
  sha256: 00a6bea5ff90ca58eeb15ebc98e08ffb88bddaff27396bb62640064f59d29cf0
  md5: 7144d5a828e2cae218e0e3c98d8a0aeb
  depends:
  - krb5 >=1.21.2,<1.22.0a0
  - libgcc-ng >=12
  - libnghttp2 >=1.58.0,<2.0a0
  - libssh2 >=1.11.0,<2.0a0
  - libzlib >=1.2.13,<1.3.0a0
  - openssl >=3.2.0,<4.0a0
  - zstd >=1.5.5,<1.6.0a0
  license: curl
  license_family: MIT
  size: 389164
  timestamp: 1701860147844
- kind: conda
  name: libedit
  version: 3.1.20191231
  build: he28a2e2_2
  build_number: 2
  subdir: linux-64
  url: https://conda.anaconda.org/conda-forge/linux-64/libedit-3.1.20191231-he28a2e2_2.tar.bz2
  sha256: a57d37c236d8f7c886e01656f4949d9dcca131d2a0728609c6f7fa338b65f1cf
  md5: 4d331e44109e3f0e19b4cb8f9b82f3e1
  depends:
  - libgcc-ng >=7.5.0
  - ncurses >=6.2,<7.0.0a0
  license: BSD-2-Clause
  license_family: BSD
  size: 123878
  timestamp: 1597616541093
- kind: conda
  name: libev
  version: '4.33'
  build: hd590300_2
  build_number: 2
  subdir: linux-64
  url: https://conda.anaconda.org/conda-forge/linux-64/libev-4.33-hd590300_2.conda
  sha256: 1cd6048169fa0395af74ed5d8f1716e22c19a81a8a36f934c110ca3ad4dd27b4
  md5: 172bf1cd1ff8629f2b1179945ed45055
  depends:
  - libgcc-ng >=12
  license: BSD-2-Clause
  license_family: BSD
  size: 112766
  timestamp: 1702146165126
- kind: conda
  name: libexpat
  version: 2.5.0
  build: hcb278e6_1
  build_number: 1
  subdir: linux-64
  url: https://conda.anaconda.org/conda-forge/linux-64/libexpat-2.5.0-hcb278e6_1.conda
  sha256: 74c98a563777ae2ad71f1f74d458a8ab043cee4a513467c159ccf159d0e461f3
  md5: 6305a3dd2752c76335295da4e581f2fd
  depends:
  - libgcc-ng >=12
  constrains:
  - expat 2.5.0.*
  license: MIT
  license_family: MIT
  size: 77980
  timestamp: 1680190528313
- kind: conda
  name: libffi
  version: 3.4.2
  build: h7f98852_5
  build_number: 5
  subdir: linux-64
  url: https://conda.anaconda.org/conda-forge/linux-64/libffi-3.4.2-h7f98852_5.tar.bz2
  sha256: ab6e9856c21709b7b517e940ae7028ae0737546122f83c2aa5d692860c3b149e
  md5: d645c6d2ac96843a2bfaccd2d62b3ac3
  depends:
  - libgcc-ng >=9.4.0
  license: MIT
  license_family: MIT
  size: 58292
  timestamp: 1636488182923
- kind: conda
  name: libgcc-ng
  version: 13.2.0
  build: h807b86a_5
  build_number: 5
  subdir: linux-64
  url: https://conda.anaconda.org/conda-forge/linux-64/libgcc-ng-13.2.0-h807b86a_5.conda
  sha256: d32f78bfaac282cfe5205f46d558704ad737b8dbf71f9227788a5ca80facaba4
  md5: d4ff227c46917d3b4565302a2bbb276b
  depends:
  - _libgcc_mutex 0.1 conda_forge
  - _openmp_mutex >=4.5
  constrains:
  - libgomp 13.2.0 h807b86a_5
  license: GPL-3.0-only WITH GCC-exception-3.1
  license_family: GPL
  size: 770506
  timestamp: 1706819192021
- kind: conda
  name: libgomp
  version: 13.2.0
  build: h807b86a_5
  build_number: 5
  subdir: linux-64
  url: https://conda.anaconda.org/conda-forge/linux-64/libgomp-13.2.0-h807b86a_5.conda
  sha256: 0d3d4b1b0134283ea02d58e8eb5accf3655464cf7159abf098cc694002f8d34e
  md5: d211c42b9ce49aee3734fdc828731689
  depends:
  - _libgcc_mutex 0.1 conda_forge
  license: GPL-3.0-only WITH GCC-exception-3.1
  license_family: GPL
  size: 419751
  timestamp: 1706819107383
- kind: conda
  name: libiconv
  version: '1.17'
  build: hd590300_2
  build_number: 2
  subdir: linux-64
  url: https://conda.anaconda.org/conda-forge/linux-64/libiconv-1.17-hd590300_2.conda
  sha256: 8ac2f6a9f186e76539439e50505d98581472fedb347a20e7d1f36429849f05c9
  md5: d66573916ffcf376178462f1b61c941e
  depends:
  - libgcc-ng >=12
  license: LGPL-2.1-only
  size: 705775
  timestamp: 1702682170569
- kind: conda
  name: libmamba
  version: 1.5.6
  build: had39da4_0
  subdir: linux-64
  url: https://conda.anaconda.org/conda-forge/linux-64/libmamba-1.5.6-had39da4_0.conda
  sha256: f8c7c696e8df39d9a7a2ffa3affcade3ea03dc9e1beacc990f13086077e5ccf5
  md5: d6213d8b3abe12c556f007894752ef41
  depends:
  - fmt >=10.1.1,<11.0a0
  - libarchive >=3.7.2,<3.8.0a0
  - libcurl >=8.5.0,<9.0a0
  - libgcc-ng >=12
  - libsolv >=0.7.23
  - libstdcxx-ng >=12
  - openssl >=3.2.0,<4.0a0
  - reproc >=14.2,<15.0a0
  - reproc-cpp >=14.2,<15.0a0
  - yaml-cpp >=0.8.0,<0.9.0a0
  - zstd >=1.5.5,<1.6.0a0
  license: BSD-3-Clause
  license_family: BSD
  size: 1655531
  timestamp: 1703179213122
- kind: conda
  name: libmambapy
  version: 1.5.6
  build: py312hd9e9ff6_0
  subdir: linux-64
  url: https://conda.anaconda.org/conda-forge/linux-64/libmambapy-1.5.6-py312hd9e9ff6_0.conda
  sha256: ad75caf5d3349c22ea9f6da5b87ed873fd1fe4630916a86be7342d953a8ae913
  md5: ff2a396085f25808b6c2a6dea06546fe
  depends:
  - fmt >=10.1.1,<11.0a0
  - libgcc-ng >=12
  - libmamba 1.5.6 had39da4_0
  - libstdcxx-ng >=12
  - openssl >=3.2.0,<4.0a0
  - pybind11-abi 4
  - python >=3.12,<3.13.0a0
  - python_abi 3.12.* *_cp312
  - yaml-cpp >=0.8.0,<0.9.0a0
  license: BSD-3-Clause
  license_family: BSD
  size: 299986
  timestamp: 1703179592272
- kind: conda
  name: libnghttp2
  version: 1.58.0
  build: h47da74e_1
  build_number: 1
  subdir: linux-64
  url: https://conda.anaconda.org/conda-forge/linux-64/libnghttp2-1.58.0-h47da74e_1.conda
  sha256: 1910c5306c6aa5bcbd623c3c930c440e9c77a5a019008e1487810e3c1d3716cb
  md5: 700ac6ea6d53d5510591c4344d5c989a
  depends:
  - c-ares >=1.23.0,<2.0a0
  - libev >=4.33,<4.34.0a0
  - libev >=4.33,<5.0a0
  - libgcc-ng >=12
  - libstdcxx-ng >=12
  - libzlib >=1.2.13,<1.3.0a0
  - openssl >=3.2.0,<4.0a0
  license: MIT
  license_family: MIT
  size: 631936
  timestamp: 1702130036271
- kind: conda
  name: libnsl
  version: 2.0.1
  build: hd590300_0
  subdir: linux-64
  url: https://conda.anaconda.org/conda-forge/linux-64/libnsl-2.0.1-hd590300_0.conda
  sha256: 26d77a3bb4dceeedc2a41bd688564fe71bf2d149fdcf117049970bc02ff1add6
  md5: 30fd6e37fe21f86f4bd26d6ee73eeec7
  depends:
  - libgcc-ng >=12
  license: LGPL-2.1-only
  license_family: GPL
  size: 33408
  timestamp: 1697359010159
- kind: conda
  name: libsolv
  version: 0.7.28
  build: hfc55251_0
  subdir: linux-64
  url: https://conda.anaconda.org/conda-forge/linux-64/libsolv-0.7.28-hfc55251_0.conda
  sha256: 835d9c7072ad8fd247f2c4946b5b61f60ba8fc836d3a0623e09def0320d02161
  md5: 66d4f5d8256542d9ebfa341d690c5e03
  depends:
  - libgcc-ng >=12
  - libstdcxx-ng >=12
  - libzlib >=1.2.13,<1.3.0a0
  license: BSD-3-Clause
  license_family: BSD
  size: 469399
  timestamp: 1707262965374
- kind: conda
  name: libsqlite
  version: 3.45.1
  build: h2797004_0
  subdir: linux-64
  url: https://conda.anaconda.org/conda-forge/linux-64/libsqlite-3.45.1-h2797004_0.conda
  sha256: 1b379d1c652b25d0540251d422ef767472e768fd36b77261045e97f9ba6d3faa
  md5: fc4ccadfbf6d4784de88c41704792562
  depends:
  - libgcc-ng >=12
  - libzlib >=1.2.13,<1.3.0a0
  license: Unlicense
  size: 859346
  timestamp: 1707495156652
- kind: conda
  name: libssh2
  version: 1.11.0
  build: h0841786_0
  subdir: linux-64
  url: https://conda.anaconda.org/conda-forge/linux-64/libssh2-1.11.0-h0841786_0.conda
  sha256: 50e47fd9c4f7bf841a11647ae7486f65220cfc988ec422a4475fe8d5a823824d
  md5: 1f5a58e686b13bcfde88b93f547d23fe
  depends:
  - libgcc-ng >=12
  - libzlib >=1.2.13,<1.3.0a0
  - openssl >=3.1.1,<4.0a0
  license: BSD-3-Clause
  license_family: BSD
  size: 271133
  timestamp: 1685837707056
- kind: conda
  name: libstdcxx-ng
  version: 13.2.0
  build: h7e041cc_5
  build_number: 5
  subdir: linux-64
  url: https://conda.anaconda.org/conda-forge/linux-64/libstdcxx-ng-13.2.0-h7e041cc_5.conda
  sha256: a56c5b11f1e73a86e120e6141a42d9e935a99a2098491ac9e15347a1476ce777
  md5: f6f6600d18a4047b54f803cf708b868a
  license: GPL-3.0-only WITH GCC-exception-3.1
  license_family: GPL
  size: 3834139
  timestamp: 1706819252496
- kind: conda
  name: libuuid
  version: 2.38.1
  build: h0b41bf4_0
  subdir: linux-64
  url: https://conda.anaconda.org/conda-forge/linux-64/libuuid-2.38.1-h0b41bf4_0.conda
  sha256: 787eb542f055a2b3de553614b25f09eefb0a0931b0c87dbcce6efdfd92f04f18
  md5: 40b61aab5c7ba9ff276c41cfffe6b80b
  depends:
  - libgcc-ng >=12
  license: BSD-3-Clause
  license_family: BSD
  size: 33601
  timestamp: 1680112270483
- kind: conda
  name: libxcrypt
  version: 4.4.36
  build: hd590300_1
  build_number: 1
  subdir: linux-64
  url: https://conda.anaconda.org/conda-forge/linux-64/libxcrypt-4.4.36-hd590300_1.conda
  sha256: 6ae68e0b86423ef188196fff6207ed0c8195dd84273cb5623b85aa08033a410c
  md5: 5aa797f8787fe7a17d1b0821485b5adc
  depends:
  - libgcc-ng >=12
  license: LGPL-2.1-or-later
  size: 100393
  timestamp: 1702724383534
- kind: conda
  name: libxml2
  version: 2.12.5
  build: h232c23b_0
  subdir: linux-64
  url: https://conda.anaconda.org/conda-forge/linux-64/libxml2-2.12.5-h232c23b_0.conda
  sha256: db9bf97e9e367985204331b58a059ebd5a4e0cb9e1c8754e9ecb23046b7b7bc1
  md5: c442ebfda7a475f5e78f1c8e45f1e919
  depends:
  - icu >=73.2,<74.0a0
  - libgcc-ng >=12
  - libiconv >=1.17,<2.0a0
  - libzlib >=1.2.13,<1.3.0a0
  - xz >=5.2.6,<6.0a0
  license: MIT
  license_family: MIT
  size: 704829
  timestamp: 1707084502281
- kind: conda
  name: libzlib
  version: 1.2.13
  build: hd590300_5
  build_number: 5
  subdir: linux-64
  url: https://conda.anaconda.org/conda-forge/linux-64/libzlib-1.2.13-hd590300_5.conda
  sha256: 370c7c5893b737596fd6ca0d9190c9715d89d888b8c88537ae1ef168c25e82e4
  md5: f36c115f1ee199da648e0597ec2047ad
  depends:
  - libgcc-ng >=12
  constrains:
  - zlib 1.2.13 *_5
  license: Zlib
  license_family: Other
  size: 61588
  timestamp: 1686575217516
- kind: conda
  name: lz4-c
  version: 1.9.4
  build: hcb278e6_0
  subdir: linux-64
  url: https://conda.anaconda.org/conda-forge/linux-64/lz4-c-1.9.4-hcb278e6_0.conda
  sha256: 1b4c105a887f9b2041219d57036f72c4739ab9e9fe5a1486f094e58c76b31f5f
  md5: 318b08df404f9c9be5712aaa5a6f0bb0
  depends:
  - libgcc-ng >=12
  - libstdcxx-ng >=12
  license: BSD-2-Clause
  license_family: BSD
  size: 143402
  timestamp: 1674727076728
- kind: conda
  name: lzo
  version: '2.10'
  build: h516909a_1000
  build_number: 1000
  subdir: linux-64
  url: https://conda.anaconda.org/conda-forge/linux-64/lzo-2.10-h516909a_1000.tar.bz2
  sha256: 25d16e6aaa3d0b450e61d0c4fadd7c9fd17f16e2fef09b34507209342d63c9f6
  md5: bb14fcb13341b81d5eb386423b9d2bac
  depends:
  - libgcc-ng >=7.5.0
  license: GPL v2+
  license_family: GPL2
  size: 321113
  timestamp: 1597681972321
- kind: conda
  name: menuinst
  version: 2.0.2
  build: py312h7900ff3_0
  subdir: linux-64
  url: https://conda.anaconda.org/conda-forge/linux-64/menuinst-2.0.2-py312h7900ff3_0.conda
  sha256: 39f942fb43dcd553e54f27ec55e0a2155b6ceae9f9528be1e7c2f9a9758b05e0
  md5: acb03947d606ff797a036d31723490fc
  depends:
  - python >=3.12,<3.13.0a0
  - python_abi 3.12.* *_cp312
  license: BSD-3-Clause AND MIT
  size: 158511
  timestamp: 1705068403609
- kind: conda
  name: micromamba
  version: 1.5.6
  build: '0'
  subdir: linux-64
  url: https://conda.anaconda.org/conda-forge/linux-64/micromamba-1.5.6-0.tar.bz2
  sha256: efe462c7ffcae8b338c7dd7b168ce8d48cfc60b48ab991d02a035c3b8d73633c
  md5: 53275841fcd8004503b60ac22ccb5508
  depends:
  - libzlib >=1.2.13,<1.3.0a0
  license: BSD-3-Clause AND MIT AND OpenSSL
  license_family: BSD
  size: 5504129
  timestamp: 1703179980582
- kind: conda
  name: ncurses
  version: '6.4'
  build: h59595ed_2
  build_number: 2
  subdir: linux-64
  url: https://conda.anaconda.org/conda-forge/linux-64/ncurses-6.4-h59595ed_2.conda
  sha256: 91cc03f14caf96243cead96c76fe91ab5925a695d892e83285461fb927dece5e
  md5: 7dbaa197d7ba6032caf7ae7f32c1efa0
  depends:
  - libgcc-ng >=12
  license: X11 AND BSD-3-Clause
  size: 884434
  timestamp: 1698751260967
- kind: conda
  name: openssl
  version: 3.2.1
  build: hd590300_0
  subdir: linux-64
  url: https://conda.anaconda.org/conda-forge/linux-64/openssl-3.2.1-hd590300_0.conda
  sha256: c02c12bdb898daacf7eb3d09859f93ea8f285fd1a6132ff6ff0493ab52c7fe57
  md5: 51a753e64a3027bd7e23a189b1f6e91e
  depends:
  - ca-certificates
  - libgcc-ng >=12
  constrains:
  - pyopenssl >=22.1
  license: Apache-2.0
  license_family: Apache
  size: 2863069
  timestamp: 1706635653339
- kind: conda
  name: packaging
  version: '23.2'
  build: pyhd8ed1ab_0
  subdir: noarch
  noarch: python
  url: https://conda.anaconda.org/conda-forge/noarch/packaging-23.2-pyhd8ed1ab_0.conda
  sha256: 69b3ace6cca2dab9047b2c24926077d81d236bef45329d264b394001e3c3e52f
  md5: 79002079284aa895f883c6b7f3f88fd6
  depends:
  - python >=3.7
  license: Apache-2.0
  license_family: APACHE
  size: 49452
  timestamp: 1696202521121
- kind: conda
  name: pixi
  version: 0.15.1
  build: h614bb76_0
  subdir: linux-64
  url: https://conda.anaconda.org/conda-forge/linux-64/pixi-0.15.1-h614bb76_0.conda
  sha256: a94cb1266353a72273f4a56f13ec2b5565bd9201a07e9fca020058ec9839241c
  md5: 14a975aa35c79d63fb689dbdc63fff7b
  depends:
  - libgcc-ng >=12
  - libstdcxx-ng >=12
  - openssl >=3.2.1,<4.0a0
  license: BSD-3-Clause
  license_family: BSD
  size: 10218093
  timestamp: 1708969085507
- kind: conda
  name: platformdirs
  version: 4.2.0
  build: pyhd8ed1ab_0
  subdir: noarch
  noarch: python
  url: https://conda.anaconda.org/conda-forge/noarch/platformdirs-4.2.0-pyhd8ed1ab_0.conda
  sha256: 2ebfb971236ab825dd79dd6086ea742a9901008ffb9c6222c1f2b5172a8039d3
  md5: a0bc3eec34b0fab84be6b2da94e98e20
  depends:
  - python >=3.8
  license: MIT
  license_family: MIT
  size: 20210
  timestamp: 1706713564353
- kind: conda
  name: pluggy
  version: 1.4.0
  build: pyhd8ed1ab_0
  subdir: noarch
  noarch: python
  url: https://conda.anaconda.org/conda-forge/noarch/pluggy-1.4.0-pyhd8ed1ab_0.conda
  sha256: 6edfd2c41938ea772096c674809bfcf2ebb9bef7e82de6c7ea0b966b86bfb4d0
  md5: 139e9feb65187e916162917bb2484976
  depends:
  - python >=3.8
  license: MIT
  license_family: MIT
  size: 23384
  timestamp: 1706116931972
- kind: conda
  name: pybind11-abi
  version: '4'
  build: hd8ed1ab_3
  build_number: 3
  subdir: noarch
  noarch: generic
  url: https://conda.anaconda.org/conda-forge/noarch/pybind11-abi-4-hd8ed1ab_3.tar.bz2
  sha256: d4fb485b79b11042a16dc6abfb0c44c4f557707c2653ac47c81e5d32b24a3bb0
  md5: 878f923dd6acc8aeb47a75da6c4098be
  license: BSD-3-Clause
  license_family: BSD
  size: 9906
  timestamp: 1610372835205
- kind: conda
  name: pycosat
  version: 0.6.6
  build: py312h98912ed_0
  subdir: linux-64
  url: https://conda.anaconda.org/conda-forge/linux-64/pycosat-0.6.6-py312h98912ed_0.conda
  sha256: b973d39eb9fd9625fe97e2fbb4b6f758ea47aa288f5f8c7769e3f36a3acbb5da
  md5: 8f1c372e7b843167be885dc8229931c1
  depends:
  - libgcc-ng >=12
  - python >=3.12,<3.13.0a0
  - python_abi 3.12.* *_cp312
  license: MIT
  license_family: MIT
  size: 88549
  timestamp: 1696355931150
- kind: conda
  name: pycparser
  version: '2.21'
  build: pyhd8ed1ab_0
  subdir: noarch
  noarch: python
  url: https://conda.anaconda.org/conda-forge/noarch/pycparser-2.21-pyhd8ed1ab_0.tar.bz2
  sha256: 74c63fd03f1f1ea2b54e8bc529fd1a600aaafb24027b738d0db87909ee3a33dc
  md5: 076becd9e05608f8dc72757d5f3a91ff
  depends:
  - python ==2.7.*|>=3.4
  license: BSD-3-Clause
  license_family: BSD
  size: 102747
  timestamp: 1636257201998
- kind: conda
  name: pysocks
  version: 1.7.1
  build: pyha2e5f31_6
  build_number: 6
  subdir: noarch
  noarch: python
  url: https://conda.anaconda.org/conda-forge/noarch/pysocks-1.7.1-pyha2e5f31_6.tar.bz2
  sha256: a42f826e958a8d22e65b3394f437af7332610e43ee313393d1cf143f0a2d274b
  md5: 2a7de29fb590ca14b5243c4c812c8025
  depends:
  - __unix
  - python >=3.8
  license: BSD-3-Clause
  license_family: BSD
  size: 18981
  timestamp: 1661604969727
- kind: conda
  name: python
  version: 3.12.2
  build: hab00c5b_0_cpython
  subdir: linux-64
  url: https://conda.anaconda.org/conda-forge/linux-64/python-3.12.2-hab00c5b_0_cpython.conda
  sha256: ddb7a2d8d78046bda5d7631e6814f9468d2eb054e10f86f4648c9d1fdaa30c0f
  md5: ad7b68400f3a6ebe72b00be093c7f301
  depends:
  - bzip2 >=1.0.8,<2.0a0
  - ld_impl_linux-64 >=2.36.1
  - libexpat >=2.5.0,<3.0a0
  - libffi >=3.4,<4.0a0
  - libgcc-ng >=12
  - libnsl >=2.0.1,<2.1.0a0
  - libsqlite >=3.45.1,<4.0a0
  - libuuid >=2.38.1,<3.0a0
  - libxcrypt >=4.4.36
  - libzlib >=1.2.13,<1.3.0a0
  - ncurses >=6.4,<7.0a0
  - openssl >=3.2.1,<4.0a0
  - readline >=8.2,<9.0a0
  - tk >=8.6.13,<8.7.0a0
  - tzdata
  - xz >=5.2.6,<6.0a0
  constrains:
  - python_abi 3.12.* *_cp312
  license: Python-2.0
  size: 32312631
  timestamp: 1708118077305
- kind: conda
  name: python_abi
  version: '3.12'
  build: 4_cp312
  build_number: 4
  subdir: linux-64
  url: https://conda.anaconda.org/conda-forge/linux-64/python_abi-3.12-4_cp312.conda
  sha256: 182a329de10a4165f6e8a3804caf751f918f6ea6176dd4e5abcdae1ed3095bf6
  md5: dccc2d142812964fcc6abdc97b672dff
  constrains:
  - python 3.12.* *_cpython
  license: BSD-3-Clause
  license_family: BSD
  size: 6385
  timestamp: 1695147396604
- kind: conda
  name: readline
  version: '8.2'
  build: h8228510_1
  build_number: 1
  subdir: linux-64
  url: https://conda.anaconda.org/conda-forge/linux-64/readline-8.2-h8228510_1.conda
  sha256: 5435cf39d039387fbdc977b0a762357ea909a7694d9528ab40f005e9208744d7
  md5: 47d31b792659ce70f470b5c82fdfb7a4
  depends:
  - libgcc-ng >=12
  - ncurses >=6.3,<7.0a0
  license: GPL-3.0-only
  license_family: GPL
  size: 281456
  timestamp: 1679532220005
- kind: conda
  name: reproc
  version: 14.2.4.post0
  build: hd590300_1
  build_number: 1
  subdir: linux-64
  url: https://conda.anaconda.org/conda-forge/linux-64/reproc-14.2.4.post0-hd590300_1.conda
  sha256: bb2e4e0ce93bc61bc7c03c4f66abcb8161b0a4f1c41b5156cf1e5e17892b05d8
  md5: 82ca53502dfd5a64a80dee76dae14685
  depends:
  - libgcc-ng >=12
  license: MIT
  license_family: MIT
  size: 33928
  timestamp: 1698242272153
- kind: conda
  name: reproc-cpp
  version: 14.2.4.post0
  build: h59595ed_1
  build_number: 1
  subdir: linux-64
  url: https://conda.anaconda.org/conda-forge/linux-64/reproc-cpp-14.2.4.post0-h59595ed_1.conda
  sha256: 8f0c6852471c0f2b02ab21d7c2877e30fc7f4d7d8034ca90bd9fdc3a22277fe9
  md5: 715e1d720ec1a03715bebd237972fca5
  depends:
  - libgcc-ng >=12
  - libstdcxx-ng >=12
  - reproc 14.2.4.post0 hd590300_1
  license: MIT
  license_family: MIT
  size: 25379
  timestamp: 1698242302911
- kind: conda
  name: requests
  version: 2.31.0
  build: pyhd8ed1ab_0
  subdir: noarch
  noarch: python
  url: https://conda.anaconda.org/conda-forge/noarch/requests-2.31.0-pyhd8ed1ab_0.conda
  sha256: 9f629d6fd3c8ac5f2a198639fe7af87c4db2ac9235279164bfe0fcb49d8c4bad
  md5: a30144e4156cdbb236f99ebb49828f8b
  depends:
  - certifi >=2017.4.17
  - charset-normalizer >=2,<4
  - idna >=2.5,<4
  - python >=3.7
  - urllib3 >=1.21.1,<3
  constrains:
  - chardet >=3.0.2,<6
  license: Apache-2.0
  license_family: APACHE
  size: 56690
  timestamp: 1684774408600
- kind: conda
  name: ruamel.yaml
  version: 0.18.6
  build: py312h98912ed_0
  subdir: linux-64
  url: https://conda.anaconda.org/conda-forge/linux-64/ruamel.yaml-0.18.6-py312h98912ed_0.conda
  sha256: 26856daba883254736b7f3767c08f445b5d010eebbf4fc7aa384ee80e24aa663
  md5: a99a06a875138829ef65f44bbe2c30ca
  depends:
  - libgcc-ng >=12
  - python >=3.12,<3.13.0a0
  - python_abi 3.12.* *_cp312
  - ruamel.yaml.clib >=0.1.2
  license: MIT
  license_family: MIT
  size: 268015
  timestamp: 1707298336196
- kind: conda
  name: ruamel.yaml.clib
  version: 0.2.8
  build: py312h98912ed_0
  subdir: linux-64
  url: https://conda.anaconda.org/conda-forge/linux-64/ruamel.yaml.clib-0.2.8-py312h98912ed_0.conda
  sha256: 5965302881d8b1049291e3ba3912286cdc72cb82303230cbbf0a048c6f6dd7c1
  md5: 05f31c2a79ba61df8d6d903ce4a4ce7b
  depends:
  - libgcc-ng >=12
  - python >=3.12,<3.13.0a0
  - python_abi 3.12.* *_cp312
  license: MIT
  license_family: MIT
  size: 135640
  timestamp: 1707314642857
- kind: conda
  name: setuptools
  version: 69.1.1
  build: pyhd8ed1ab_0
  subdir: noarch
  noarch: python
  url: https://conda.anaconda.org/conda-forge/noarch/setuptools-69.1.1-pyhd8ed1ab_0.conda
  sha256: 7a6dca60efcaa42d0ebb784950bc16230a968256cb5048a4441cb34653b5ec58
  md5: 576de899521b7d43674ba3ef6eae9142
  depends:
  - python >=3.8
  license: MIT
  license_family: MIT
  size: 469644
  timestamp: 1708702431036
- kind: conda
  name: tk
  version: 8.6.13
  build: noxft_h4845f30_101
  build_number: 101
  subdir: linux-64
  url: https://conda.anaconda.org/conda-forge/linux-64/tk-8.6.13-noxft_h4845f30_101.conda
  sha256: e0569c9caa68bf476bead1bed3d79650bb080b532c64a4af7d8ca286c08dea4e
  md5: d453b98d9c83e71da0741bb0ff4d76bc
  depends:
  - libgcc-ng >=12
  - libzlib >=1.2.13,<1.3.0a0
  license: TCL
  license_family: BSD
  size: 3318875
  timestamp: 1699202167581
- kind: conda
  name: tqdm
  version: 4.66.2
  build: pyhd8ed1ab_0
  subdir: noarch
  noarch: python
  url: https://conda.anaconda.org/conda-forge/noarch/tqdm-4.66.2-pyhd8ed1ab_0.conda
  sha256: 416d1d9318f3267325ad7e2b8a575df20ff9031197b30c0222c3d3b023877260
  md5: 2b8dfb969f984497f3f98409a9545776
  depends:
  - colorama
  - python >=3.7
  license: MPL-2.0 or MIT
  size: 89567
  timestamp: 1707598746354
- kind: conda
  name: truststore
  version: 0.8.0
  build: pyhd8ed1ab_0
  subdir: noarch
  noarch: python
  url: https://conda.anaconda.org/conda-forge/noarch/truststore-0.8.0-pyhd8ed1ab_0.conda
  sha256: ba49bed74ca170c5a3bf995c33a6179fd74b33abb2444f511862e7f9f57f9149
  md5: 08316d001eca8854392cf2837828ea11
  depends:
  - python >=3.10
  license: MIT
  license_family: MIT
  size: 20667
  timestamp: 1694154740564
- kind: conda
  name: tzdata
  version: 2024a
  build: h0c530f3_0
  subdir: noarch
  noarch: generic
  url: https://conda.anaconda.org/conda-forge/noarch/tzdata-2024a-h0c530f3_0.conda
  sha256: 7b2b69c54ec62a243eb6fba2391b5e443421608c3ae5dbff938ad33ca8db5122
  md5: 161081fc7cec0bfda0d86d7cb595f8d8
  license: LicenseRef-Public-Domain
  size: 119815
  timestamp: 1706886945727
- kind: conda
  name: urllib3
  version: 2.2.1
  build: pyhd8ed1ab_0
  subdir: noarch
  noarch: python
  url: https://conda.anaconda.org/conda-forge/noarch/urllib3-2.2.1-pyhd8ed1ab_0.conda
  sha256: d4009dcc9327684d6409706ce17656afbeae690d8522d3c9bc4df57649a352cd
  md5: 08807a87fa7af10754d46f63b368e016
  depends:
  - brotli-python >=1.0.9
  - pysocks >=1.5.6,<2.0,!=1.5.7
  - python >=3.7
  license: MIT
  license_family: MIT
  size: 94669
  timestamp: 1708239595549
- kind: conda
  name: xz
  version: 5.2.6
  build: h166bdaf_0
  subdir: linux-64
  url: https://conda.anaconda.org/conda-forge/linux-64/xz-5.2.6-h166bdaf_0.tar.bz2
  sha256: 03a6d28ded42af8a347345f82f3eebdd6807a08526d47899a42d62d319609162
  md5: 2161070d867d1b1204ea749c8eec4ef0
  depends:
  - libgcc-ng >=12
  license: LGPL-2.1 and GPL-2.0
  size: 418368
  timestamp: 1660346797927
- kind: conda
  name: yaml-cpp
  version: 0.8.0
  build: h59595ed_0
  subdir: linux-64
  url: https://conda.anaconda.org/conda-forge/linux-64/yaml-cpp-0.8.0-h59595ed_0.conda
  sha256: a65bb5284369e548a15a44b14baf1f7ac34fa4718d7d987dd29032caba2ecf20
  md5: 965eaacd7c18eb8361fd12bb9e7a57d7
  depends:
  - libgcc-ng >=12
  - libstdcxx-ng >=12
  license: MIT
  license_family: MIT
  size: 204867
  timestamp: 1695710312002
- kind: conda
  name: zstandard
  version: 0.22.0
  build: py312hd58854c_0
  subdir: linux-64
  url: https://conda.anaconda.org/conda-forge/linux-64/zstandard-0.22.0-py312hd58854c_0.conda
  sha256: da76216a4868d7f1a777c726e090a1acb0225a30905170ce042870016b874fe8
  md5: 6532ce0d6b7b6c77081ba102d3540a81
  depends:
  - cffi >=1.11
  - libgcc-ng >=12
  - python >=3.12,<3.13.0a0
  - python_abi 3.12.* *_cp312
  - zstd >=1.5.5,<1.5.6.0a0
  - zstd >=1.5.5,<1.6.0a0
  license: BSD-3-Clause
  license_family: BSD
  size: 415099
  timestamp: 1698830281446
- kind: conda
  name: zstd
  version: 1.5.5
  build: hfc55251_0
  subdir: linux-64
  url: https://conda.anaconda.org/conda-forge/linux-64/zstd-1.5.5-hfc55251_0.conda
  sha256: 607cbeb1a533be98ba96cf5cdf0ddbb101c78019f1fda063261871dad6248609
  md5: 04b88013080254850d6c01ed54810589
  depends:
  - libgcc-ng >=12
  - libstdcxx-ng >=12
  - libzlib >=1.2.13,<1.3.0a0
  license: BSD-3-Clause
  license_family: BSD
  size: 545199
  timestamp: 1693151163452
